
Microsoft Visual Studio Solution File, Format Version 12.00
# Visual Studio 2012
Project("{FAE04EC0-301F-11D3-BF4B-00C04F79EFBC}") = "StrategyGame", "StrategyGame\StrategyGame.csproj", "{77247EDC-F235-47FB-BB15-49DA5D93F1B3}"
EndProject
Project("{FAE04EC0-301F-11D3-BF4B-00C04F79EFBC}") = "Model", "Model\Model.csproj", "{4C5F1B73-0737-4624-8E1C-F6F180067D88}"
EndProject
Project("{FAE04EC0-301F-11D3-BF4B-00C04F79EFBC}") = "Tests", "Tests\Tests.csproj", "{E14BF1B2-2E57-42DB-A316-A4442EB301CA}"
EndProject
Global
	GlobalSection(SolutionConfigurationPlatforms) = preSolution
		Debug|Any CPU = Debug|Any CPU
		Release|Any CPU = Release|Any CPU
	EndGlobalSection
	GlobalSection(ProjectConfigurationPlatforms) = postSolution
		{4C5F1B73-0737-4624-8E1C-F6F180067D88}.Debug|Any CPU.ActiveCfg = Debug|Any CPU
		{4C5F1B73-0737-4624-8E1C-F6F180067D88}.Debug|Any CPU.Build.0 = Debug|Any CPU
		{4C5F1B73-0737-4624-8E1C-F6F180067D88}.Release|Any CPU.ActiveCfg = Release|Any CPU
		{4C5F1B73-0737-4624-8E1C-F6F180067D88}.Release|Any CPU.Build.0 = Release|Any CPU
		{77247EDC-F235-47FB-BB15-49DA5D93F1B3}.Debug|Any CPU.ActiveCfg = Debug|Any CPU
		{77247EDC-F235-47FB-BB15-49DA5D93F1B3}.Debug|Any CPU.Build.0 = Debug|Any CPU
		{77247EDC-F235-47FB-BB15-49DA5D93F1B3}.Release|Any CPU.ActiveCfg = Release|Any CPU
		{77247EDC-F235-47FB-BB15-49DA5D93F1B3}.Release|Any CPU.Build.0 = Release|Any CPU
		{E14BF1B2-2E57-42DB-A316-A4442EB301CA}.Debug|Any CPU.ActiveCfg = Debug|Any CPU
		{E14BF1B2-2E57-42DB-A316-A4442EB301CA}.Debug|Any CPU.Build.0 = Debug|Any CPU
		{E14BF1B2-2E57-42DB-A316-A4442EB301CA}.Release|Any CPU.ActiveCfg = Release|Any CPU
		{E14BF1B2-2E57-42DB-A316-A4442EB301CA}.Release|Any CPU.Build.0 = Release|Any CPU
	EndGlobalSection
	GlobalSection(SolutionProperties) = preSolution
		HideSolutionNode = FALSE
	EndGlobalSection
EndGlobal
